// !$*UTF8*$!
{
	archiveVersion = 1;
	classes = {
	};
	objectVersion = 56;
	objects = {

/* Begin PBXBuildFile section */
		04C3B1FA2B5CEFD70058AA06 /* GP_ProjectorControl.h in Headers */ = {isa = PBXBuildFile; fileRef = 04C3B1F92B5CEFD70058AA06 /* GP_ProjectorControl.h */; };
		04C3B1FC2B5CEFD70058AA06 /* GP_ProjectorControl.m in Sources */ = {isa = PBXBuildFile; fileRef = 04C3B1FB2B5CEFD70058AA06 /* GP_ProjectorControl.m */; };
		04C3B1FE2B5CEFD70058AA06 /* GP_ProjectorControl.tiff in Resources */ = {isa = PBXBuildFile; fileRef = 04C3B1FD2B5CEFD70058AA06 /* GP_ProjectorControl.tiff */; };
		04C3B2012B5CEFD70058AA06 /* GP_ProjectorControl.xib in Resources */ = {isa = PBXBuildFile; fileRef = 04C3B1FF2B5CEFD70058AA06 /* GP_ProjectorControl.xib */; };
/* End PBXBuildFile section */

/* Begin PBXFileReference section */
		04C3B1F62B5CEFD70058AA06 /* GP_ProjectorControl.prefPane */ = {isa = PBXFileReference; explicitFileType = wrapper.cfbundle; includeInIndex = 0; path = GP_ProjectorControl.prefPane; sourceTree = BUILT_PRODUCTS_DIR; };
		04C3B1F92B5CEFD70058AA06 /* GP_ProjectorControl.h */ = {isa = PBXFileReference; lastKnownFileType = sourcecode.c.h; path = GP_ProjectorControl.h; sourceTree = "<group>"; };
		04C3B1FB2B5CEFD70058AA06 /* GP_ProjectorControl.m */ = {isa = PBXFileReference; lastKnownFileType = sourcecode.c.objc; path = GP_ProjectorControl.m; sourceTree = "<group>"; };
		04C3B1FD2B5CEFD70058AA06 /* GP_ProjectorControl.tiff */ = {isa = PBXFileReference; lastKnownFileType = image.tiff; path = GP_ProjectorControl.tiff; sourceTree = "<group>"; };
		04C3B2002B5CEFD70058AA06 /* Base */ = {isa = PBXFileReference; lastKnownFileType = file.xib; name = Base; path = Base.lproj/GP_ProjectorControl.xib; sourceTree = "<group>"; };
		04C3B2022B5CEFD70058AA06 /* Info.plist */ = {isa = PBXFileReference; lastKnownFileType = text.plist.xml; path = Info.plist; sourceTree = "<group>"; };
/* End PBXFileReference section */

/* Begin PBXFrameworksBuildPhase section */
		04C3B1F32B5CEFD70058AA06 /* Frameworks */ = {
			isa = PBXFrameworksBuildPhase;
			buildActionMask = 2147483647;
			files = (
			);
			runOnlyForDeploymentPostprocessing = 0;
		};
/* End PBXFrameworksBuildPhase section */

/* Begin PBXGroup section */
		04C3B1EC2B5CEFD70058AA06 = {
			isa = PBXGroup;
			children = (
				04C3B1F82B5CEFD70058AA06 /* GP_ProjectorControl */,
				04C3B1F72B5CEFD70058AA06 /* Products */,
			);
			sourceTree = "<group>";
		};
		04C3B1F72B5CEFD70058AA06 /* Products */ = {
			isa = PBXGroup;
			children = (
				04C3B1F62B5CEFD70058AA06 /* GP_ProjectorControl.prefPane */,
			);
			name = Products;
			sourceTree = "<group>";
		};
		04C3B1F82B5CEFD70058AA06 /* GP_ProjectorControl */ = {
			isa = PBXGroup;
			children = (
				04C3B1F92B5CEFD70058AA06 /* GP_ProjectorControl.h */,
				04C3B1FB2B5CEFD70058AA06 /* GP_ProjectorControl.m */,
				04C3B1FD2B5CEFD70058AA06 /* GP_ProjectorControl.tiff */,
				04C3B1FF2B5CEFD70058AA06 /* GP_ProjectorControl.xib */,
				04C3B2022B5CEFD70058AA06 /* Info.plist */,
			);
			path = GP_ProjectorControl;
			sourceTree = "<group>";
		};
/* End PBXGroup section */

/* Begin PBXHeadersBuildPhase section */
		04C3B1F12B5CEFD70058AA06 /* Headers */ = {
			isa = PBXHeadersBuildPhase;
			buildActionMask = 2147483647;
			files = (
				04C3B1FA2B5CEFD70058AA06 /* GP_ProjectorControl.h in Headers */,
			);
			runOnlyForDeploymentPostprocessing = 0;
		};
/* End PBXHeadersBuildPhase section */

/* Begin PBXNativeTarget section */
		04C3B1F52B5CEFD70058AA06 /* GP_ProjectorControl */ = {
			isa = PBXNativeTarget;
			buildConfigurationList = 04C3B2052B5CEFD70058AA06 /* Build configuration list for PBXNativeTarget "GP_ProjectorControl" */;
			buildPhases = (
				04C3B1F12B5CEFD70058AA06 /* Headers */,
				04C3B1F22B5CEFD70058AA06 /* Sources */,
				04C3B1F32B5CEFD70058AA06 /* Frameworks */,
				04C3B1F42B5CEFD70058AA06 /* Resources */,
			);
			buildRules = (
			);
			dependencies = (
			);
			name = GP_ProjectorControl;
			productName = GP_ProjectorControl;
			productReference = 04C3B1F62B5CEFD70058AA06 /* GP_ProjectorControl.prefPane */;
			productType = "com.apple.product-type.bundle";
		};
/* End PBXNativeTarget section */

/* Begin PBXProject section */
		04C3B1ED2B5CEFD70058AA06 /* Project object */ = {
			isa = PBXProject;
			attributes = {
				BuildIndependentTargetsInParallel = 1;
				LastUpgradeCheck = 1420;
				TargetAttributes = {
					04C3B1F52B5CEFD70058AA06 = {
						CreatedOnToolsVersion = 14.2;
					};
				};
			};
			buildConfigurationList = 04C3B1F02B5CEFD70058AA06 /* Build configuration list for PBXProject "GP_ProjectorControl" */;
			compatibilityVersion = "Xcode 14.0";
			developmentRegion = en;
			hasScannedForEncodings = 0;
			knownRegions = (
				en,
				Base,
			);
			mainGroup = 04C3B1EC2B5CEFD70058AA06;
			productRefGroup = 04C3B1F72B5CEFD70058AA06 /* Products */;
			projectDirPath = "";
			projectRoot = "";
			targets = (
				04C3B1F52B5CEFD70058AA06 /* GP_ProjectorControl */,
			);
		};
/* End PBXProject section */

/* Begin PBXResourcesBuildPhase section */
		04C3B1F42B5CEFD70058AA06 /* Resources */ = {
			isa = PBXResourcesBuildPhase;
			buildActionMask = 2147483647;
			files = (
				04C3B1FE2B5CEFD70058AA06 /* GP_ProjectorControl.tiff in Resources */,
				04C3B2012B5CEFD70058AA06 /* GP_ProjectorControl.xib in Resources */,
			);
			runOnlyForDeploymentPostprocessing = 0;
		};
/* End PBXResourcesBuildPhase section */

/* Begin PBXSourcesBuildPhase section */
		04C3B1F22B5CEFD70058AA06 /* Sources */ = {
			isa = PBXSourcesBuildPhase;
			buildActionMask = 2147483647;
			files = (
				04C3B1FC2B5CEFD70058AA06 /* GP_ProjectorControl.m in Sources */,
			);
			runOnlyForDeploymentPostprocessing = 0;
		};
/* End PBXSourcesBuildPhase section */

/* Begin PBXVariantGroup section */
		04C3B1FF2B5CEFD70058AA06 /* GP_ProjectorControl.xib */ = {
			isa = PBXVariantGroup;
			children = (
				04C3B2002B5CEFD70058AA06 /* Base */,
			);
			name = GP_ProjectorControl.xib;
			sourceTree = "<group>";
		};
/* End PBXVariantGroup section */

/* Begin XCBuildConfiguration section */
		04C3B2032B5CEFD70058AA06 /* Debug */ = {
			isa = XCBuildConfiguration;
			buildSettings = {
				ALWAYS_SEARCH_USER_PATHS = NO;
				CLANG_ANALYZER_NONNULL = YES;
				CLANG_ANALYZER_NUMBER_OBJECT_CONVERSION = YES_AGGRESSIVE;
				CLANG_CXX_LANGUAGE_STANDARD = "gnu++20";
				CLANG_ENABLE_MODULES = YES;
				CLANG_ENABLE_OBJC_ARC = YES;
				CLANG_ENABLE_OBJC_WEAK = YES;
				CLANG_WARN_BLOCK_CAPTURE_AUTORELEASING = YES;
				CLANG_WARN_BOOL_CONVERSION = YES;
				CLANG_WARN_COMMA = YES;
				CLANG_WARN_CONSTANT_CONVERSION = YES;
				CLANG_WARN_DEPRECATED_OBJC_IMPLEMENTATIONS = YES;
				CLANG_WARN_DIRECT_OBJC_ISA_USAGE = YES_ERROR;
				CLANG_WARN_DOCUMENTATION_COMMENTS = YES;
				CLANG_WARN_EMPTY_BODY = YES;
				CLANG_WARN_ENUM_CONVERSION = YES;
				CLANG_WARN_INFINITE_RECURSION = YES;
				CLANG_WARN_INT_CONVERSION = YES;
				CLANG_WARN_NON_LITERAL_NULL_CONVERSION = YES;
				CLANG_WARN_OBJC_IMPLICIT_RETAIN_SELF = YES;
				CLANG_WARN_OBJC_LITERAL_CONVERSION = YES;
				CLANG_WARN_OBJC_ROOT_CLASS = YES_ERROR;
				CLANG_WARN_QUOTED_INCLUDE_IN_FRAMEWORK_HEADER = YES;
				CLANG_WARN_RANGE_LOOP_ANALYSIS = YES;
				CLANG_WARN_STRICT_PROTOTYPES = YES;
				CLANG_WARN_SUSPICIOUS_MOVE = YES;
				CLANG_WARN_UNGUARDED_AVAILABILITY = YES_AGGRESSIVE;
				CLANG_WARN_UNREACHABLE_CODE = YES;
				CLANG_WARN__DUPLICATE_METHOD_MATCH = YES;
				COPY_PHASE_STRIP = NO;
				DEBUG_INFORMATION_FORMAT = dwarf;
				ENABLE_STRICT_OBJC_MSGSEND = YES;
				ENABLE_TESTABILITY = YES;
				GCC_C_LANGUAGE_STANDARD = gnu11;
				GCC_DYNAMIC_NO_PIC = NO;
				GCC_NO_COMMON_BLOCKS = YES;
				GCC_OPTIMIZATION_LEVEL = 0;
				GCC_PREPROCESSOR_DEFINITIONS = (
					"DEBUG=1",
					"$(inherited)",
				);
				GCC_WARN_64_TO_32_BIT_CONVERSION = YES;
				GCC_WARN_ABOUT_RETURN_TYPE = YES_ERROR;
				GCC_WARN_UNDECLARED_SELECTOR = YES;
				GCC_WARN_UNINITIALIZED_AUTOS = YES_AGGRESSIVE;
				GCC_WARN_UNUSED_FUNCTION = YES;
				GCC_WARN_UNUSED_VARIABLE = YES;
				MACOSX_DEPLOYMENT_TARGET = 12.7;
				MTL_ENABLE_DEBUG_INFO = INCLUDE_SOURCE;
				MTL_FAST_MATH = YES;
				ONLY_ACTIVE_ARCH = YES;
				SDKROOT = macosx;
			};
			name = Debug;
		};
		04C3B2042B5CEFD70058AA06 /* Release */ = {
			isa = XCBuildConfiguration;
			buildSettings = {
				ALWAYS_SEARCH_USER_PATHS = NO;
				CLANG_ANALYZER_NONNULL = YES;
				CLANG_ANALYZER_NUMBER_OBJECT_CONVERSION = YES_AGGRESSIVE;
				CLANG_CXX_LANGUAGE_STANDARD = "gnu++20";
				CLANG_ENABLE_MODULES = YES;
				CLANG_ENABLE_OBJC_ARC = YES;
				CLANG_ENABLE_OBJC_WEAK = YES;
				CLANG_WARN_BLOCK_CAPTURE_AUTORELEASING = YES;
				CLANG_WARN_BOOL_CONVERSION = YES;
				CLANG_WARN_COMMA = YES;
				CLANG_WARN_CONSTANT_CONVERSION = YES;
				CLANG_WARN_DEPRECATED_OBJC_IMPLEMENTATIONS = YES;
				CLANG_WARN_DIRECT_OBJC_ISA_USAGE = YES_ERROR;
				CLANG_WARN_DOCUMENTATION_COMMENTS = YES;
				CLANG_WARN_EMPTY_BODY = YES;
				CLANG_WARN_ENUM_CONVERSION = YES;
				CLANG_WARN_INFINITE_RECURSION = YES;
				CLANG_WARN_INT_CONVERSION = YES;
				CLANG_WARN_NON_LITERAL_NULL_CONVERSION = YES;
				CLANG_WARN_OBJC_IMPLICIT_RETAIN_SELF = YES;
				CLANG_WARN_OBJC_LITERAL_CONVERSION = YES;
				CLANG_WARN_OBJC_ROOT_CLASS = YES_ERROR;
				CLANG_WARN_QUOTED_INCLUDE_IN_FRAMEWORK_HEADER = YES;
				CLANG_WARN_RANGE_LOOP_ANALYSIS = YES;
				CLANG_WARN_STRICT_PROTOTYPES = YES;
				CLANG_WARN_SUSPICIOUS_MOVE = YES;
				CLANG_WARN_UNGUARDED_AVAILABILITY = YES_AGGRESSIVE;
				CLANG_WARN_UNREACHABLE_CODE = YES;
				CLANG_WARN__DUPLICATE_METHOD_MATCH = YES;
				COPY_PHASE_STRIP = NO;
				DEBUG_INFORMATION_FORMAT = "dwarf-with-dsym";
				ENABLE_NS_ASSERTIONS = NO;
				ENABLE_STRICT_OBJC_MSGSEND = YES;
				GCC_C_LANGUAGE_STANDARD = gnu11;
				GCC_NO_COMMON_BLOCKS = YES;
				GCC_WARN_64_TO_32_BIT_CONVERSION = YES;
				GCC_WARN_ABOUT_RETURN_TYPE = YES_ERROR;
				GCC_WARN_UNDECLARED_SELECTOR = YES;
				GCC_WARN_UNINITIALIZED_AUTOS = YES_AGGRESSIVE;
				GCC_WARN_UNUSED_FUNCTION = YES;
				GCC_WARN_UNUSED_VARIABLE = YES;
				MACOSX_DEPLOYMENT_TARGET = 12.7;
				MTL_ENABLE_DEBUG_INFO = NO;
				MTL_FAST_MATH = YES;
				SDKROOT = macosx;
			};
			name = Release;
		};
		04C3B2062B5CEFD70058AA06 /* Debug */ = {
			isa = XCBuildConfiguration;
			buildSettings = {
				CODE_SIGN_STYLE = Automatic;
				COMBINE_HIDPI_IMAGES = YES;
				CURRENT_PROJECT_VERSION = 1;
				GENERATE_INFOPLIST_FILE = YES;
				INFOPLIST_FILE = GP_ProjectorControl/Info.plist;
				INFOPLIST_KEY_NSHumanReadableCopyright = "";
				INFOPLIST_KEY_NSMainNibFile = GP_ProjectorControl;
				INFOPLIST_KEY_NSPrincipalClass = GP_ProjectorControl;
				INSTALL_PATH = "$(HOME)/Library/PreferencePanes";
				MARKETING_VERSION = 1.0;
				PRODUCT_BUNDLE_IDENTIFIER = "GP.GP-ProjectorControl";
				PRODUCT_NAME = "$(TARGET_NAME)";
				SWIFT_EMIT_LOC_STRINGS = YES;
				WRAPPER_EXTENSION = prefPane;
			};
			name = Debug;
		};
		04C3B2072B5CEFD70058AA06 /* Release */ = {
			isa = XCBuildConfiguration;
			buildSettings = {
				CODE_SIGN_STYLE = Automatic;
				COMBINE_HIDPI_IMAGES = YES;
				CURRENT_PROJECT_VERSION = 1;
				GENERATE_INFOPLIST_FILE = YES;
				INFOPLIST_FILE = GP_ProjectorControl/Info.plist;
				INFOPLIST_KEY_NSHumanReadableCopyright = "";
				INFOPLIST_KEY_NSMainNibFile = GP_ProjectorControl;
				INFOPLIST_KEY_NSPrincipalClass = GP_ProjectorControl;
				INSTALL_PATH = "$(HOME)/Library/PreferencePanes";
				MARKETING_VERSION = 1.0;
				PRODUCT_BUNDLE_IDENTIFIER = "GP.GP-ProjectorControl";
				PRODUCT_NAME = "$(TARGET_NAME)";
				SWIFT_EMIT_LOC_STRINGS = YES;
				WRAPPER_EXTENSION = prefPane;
			};
			name = Release;
		};
/* End XCBuildConfiguration section */

/* Begin XCConfigurationList section */
		04C3B1F02B5CEFD70058AA06 /* Build configuration list for PBXProject "GP_ProjectorControl" */ = {
			isa = XCConfigurationList;
			buildConfigurations = (
				04C3B2032B5CEFD70058AA06 /* Debug */,
				04C3B2042B5CEFD70058AA06 /* Release */,
			);
			defaultConfigurationIsVisible = 0;
			defaultConfigurationName = Release;
		};
		04C3B2052B5CEFD70058AA06 /* Build configuration list for PBXNativeTarget "GP_ProjectorControl" */ = {
			isa = XCConfigurationList;
			buildConfigurations = (
				04C3B2062B5CEFD70058AA06 /* Debug */,
				04C3B2072B5CEFD70058AA06 /* Release */,
			);
			defaultConfigurationIsVisible = 0;
			defaultConfigurationName = Release;
		};
/* End XCConfigurationList section */
	};
	rootObject = 04C3B1ED2B5CEFD70058AA06 /* Project object */;
}
